
Microsoft Visual Studio Solution File, Format Version 12.00
# Visual Studio Version 16
VisualStudioVersion = 16.0.29020.237
MinimumVisualStudioVersion = 10.0.40219.1
Project("{9A19103F-16F7-4668-BE54-9A1E7A4F7556}") = "Controllers", "Controllers\Controllers.csproj", "{D8DF3398-D98D-4565-BF6C-F8AA1855E69A}"
EndProject
Project("{FAE04EC0-301F-11D3-BF4B-00C04F79EFBC}") = "WinFormsUI", "WinFormsUI\WinFormsUI.csproj", "{5261E0A4-44FF-44A5-ADF7-4717D7725267}"
EndProject
Project("{FAE04EC0-301F-11D3-BF4B-00C04F79EFBC}") = "WpfUI", "WpfUI\WpfUI.csproj", "{E27558FE-D333-45B0-BEB0-92D9D5EEBB78}"
EndProject
Project("{9A19103F-16F7-4668-BE54-9A1E7A4F7556}") = "Controllers.Tests", "Controllers.Tests\Controllers.Tests.csproj", "{A8E71BAA-F799-40CA-9783-56EDA31DD48C}"
EndProject
Project("{9A19103F-16F7-4668-BE54-9A1E7A4F7556}") = "AlbaConsole", "AlbaConsole\AlbaConsole.csproj", "{66E1D63E-9931-4F6C-9017-0877F808FB70}"
EndProject
Project("{FAE04EC0-301F-11D3-BF4B-00C04F79EFBC}") = "Alba.IntegrationTests", "Alba.IntegrationTests\Alba.IntegrationTests.csproj", "{1169E365-7157-49AC-B10C-8D7649E668E2}"
EndProject
Project("{FAE04EC0-301F-11D3-BF4B-00C04F79EFBC}") = "WpfUILibrary", "WpfUILibrary\WpfUILibrary.csproj", "{7244F94A-25C0-43F2-B2C5-BA5E035F37D0}"
EndProject
Global
	GlobalSection(SolutionConfigurationPlatforms) = preSolution
		Debug|Any CPU = Debug|Any CPU
		Debug|x86 = Debug|x86
		Release|Any CPU = Release|Any CPU
		Release|x86 = Release|x86
	EndGlobalSection
	GlobalSection(ProjectConfigurationPlatforms) = postSolution
		{D8DF3398-D98D-4565-BF6C-F8AA1855E69A}.Debug|Any CPU.ActiveCfg = Debug|Any CPU
		{D8DF3398-D98D-4565-BF6C-F8AA1855E69A}.Debug|Any CPU.Build.0 = Debug|Any CPU
		{D8DF3398-D98D-4565-BF6C-F8AA1855E69A}.Debug|x86.ActiveCfg = Debug|Any CPU
		{D8DF3398-D98D-4565-BF6C-F8AA1855E69A}.Debug|x86.Build.0 = Debug|Any CPU
		{D8DF3398-D98D-4565-BF6C-F8AA1855E69A}.Release|Any CPU.ActiveCfg = Release|Any CPU
		{D8DF3398-D98D-4565-BF6C-F8AA1855E69A}.Release|Any CPU.Build.0 = Release|Any CPU
		{D8DF3398-D98D-4565-BF6C-F8AA1855E69A}.Release|x86.ActiveCfg = Release|Any CPU
		{D8DF3398-D98D-4565-BF6C-F8AA1855E69A}.Release|x86.Build.0 = Release|Any CPU
		{5261E0A4-44FF-44A5-ADF7-4717D7725267}.Debug|Any CPU.ActiveCfg = Debug|Any CPU
		{5261E0A4-44FF-44A5-ADF7-4717D7725267}.Debug|Any CPU.Build.0 = Debug|Any CPU
		{5261E0A4-44FF-44A5-ADF7-4717D7725267}.Debug|x86.ActiveCfg = Debug|Any CPU
		{5261E0A4-44FF-44A5-ADF7-4717D7725267}.Debug|x86.Build.0 = Debug|Any CPU
		{5261E0A4-44FF-44A5-ADF7-4717D7725267}.Release|Any CPU.ActiveCfg = Release|Any CPU
		{5261E0A4-44FF-44A5-ADF7-4717D7725267}.Release|Any CPU.Build.0 = Release|Any CPU
		{5261E0A4-44FF-44A5-ADF7-4717D7725267}.Release|x86.ActiveCfg = Release|Any CPU
		{5261E0A4-44FF-44A5-ADF7-4717D7725267}.Release|x86.Build.0 = Release|Any CPU
		{E27558FE-D333-45B0-BEB0-92D9D5EEBB78}.Debug|Any CPU.ActiveCfg = Debug|Any CPU
		{E27558FE-D333-45B0-BEB0-92D9D5EEBB78}.Debug|Any CPU.Build.0 = Debug|Any CPU
		{E27558FE-D333-45B0-BEB0-92D9D5EEBB78}.Debug|x86.ActiveCfg = Debug|Any CPU
		{E27558FE-D333-45B0-BEB0-92D9D5EEBB78}.Debug|x86.Build.0 = Debug|Any CPU
		{E27558FE-D333-45B0-BEB0-92D9D5EEBB78}.Release|Any CPU.ActiveCfg = Release|Any CPU
		{E27558FE-D333-45B0-BEB0-92D9D5EEBB78}.Release|Any CPU.Build.0 = Release|Any CPU
		{E27558FE-D333-45B0-BEB0-92D9D5EEBB78}.Release|x86.ActiveCfg = Release|Any CPU
		{E27558FE-D333-45B0-BEB0-92D9D5EEBB78}.Release|x86.Build.0 = Release|Any CPU
		{A8E71BAA-F799-40CA-9783-56EDA31DD48C}.Debug|Any CPU.ActiveCfg = Debug|Any CPU
		{A8E71BAA-F799-40CA-9783-56EDA31DD48C}.Debug|Any CPU.Build.0 = Debug|Any CPU
		{A8E71BAA-F799-40CA-9783-56EDA31DD48C}.Debug|x86.ActiveCfg = Debug|Any CPU
		{A8E71BAA-F799-40CA-9783-56EDA31DD48C}.Debug|x86.Build.0 = Debug|Any CPU
		{A8E71BAA-F799-40CA-9783-56EDA31DD48C}.Release|Any CPU.ActiveCfg = Release|Any CPU
		{A8E71BAA-F799-40CA-9783-56EDA31DD48C}.Release|Any CPU.Build.0 = Release|Any CPU
		{A8E71BAA-F799-40CA-9783-56EDA31DD48C}.Release|x86.ActiveCfg = Release|Any CPU
		{A8E71BAA-F799-40CA-9783-56EDA31DD48C}.Release|x86.Build.0 = Release|Any CPU
		{66E1D63E-9931-4F6C-9017-0877F808FB70}.Debug|Any CPU.ActiveCfg = Debug|Any CPU
		{66E1D63E-9931-4F6C-9017-0877F808FB70}.Debug|Any CPU.Build.0 = Debug|Any CPU
		{66E1D63E-9931-4F6C-9017-0877F808FB70}.Debug|x86.ActiveCfg = Debug|Any CPU
		{66E1D63E-9931-4F6C-9017-0877F808FB70}.Debug|x86.Build.0 = Debug|Any CPU
		{66E1D63E-9931-4F6C-9017-0877F808FB70}.Release|Any CPU.ActiveCfg = Release|Any CPU
		{66E1D63E-9931-4F6C-9017-0877F808FB70}.Release|Any CPU.Build.0 = Release|Any CPU
		{66E1D63E-9931-4F6C-9017-0877F808FB70}.Release|x86.ActiveCfg = Release|Any CPU
		{66E1D63E-9931-4F6C-9017-0877F808FB70}.Release|x86.Build.0 = Release|Any CPU
		{1169E365-7157-49AC-B10C-8D7649E668E2}.Debug|Any CPU.ActiveCfg = Debug|Any CPU
		{1169E365-7157-49AC-B10C-8D7649E668E2}.Debug|Any CPU.Build.0 = Debug|Any CPU
		{1169E365-7157-49AC-B10C-8D7649E668E2}.Debug|x86.ActiveCfg = Debug|Any CPU
		{1169E365-7157-49AC-B10C-8D7649E668E2}.Debug|x86.Build.0 = Debug|Any CPU
		{1169E365-7157-49AC-B10C-8D7649E668E2}.Release|Any CPU.ActiveCfg = Release|Any CPU
		{1169E365-7157-49AC-B10C-8D7649E668E2}.Release|Any CPU.Build.0 = Release|Any CPU
		{1169E365-7157-49AC-B10C-8D7649E668E2}.Release|x86.ActiveCfg = Release|Any CPU
		{1169E365-7157-49AC-B10C-8D7649E668E2}.Release|x86.Build.0 = Release|Any CPU
		{7244F94A-25C0-43F2-B2C5-BA5E035F37D0}.Debug|Any CPU.ActiveCfg = Debug|Any CPU
		{7244F94A-25C0-43F2-B2C5-BA5E035F37D0}.Debug|Any CPU.Build.0 = Debug|Any CPU
		{7244F94A-25C0-43F2-B2C5-BA5E035F37D0}.Debug|x86.ActiveCfg = Debug|Any CPU
		{7244F94A-25C0-43F2-B2C5-BA5E035F37D0}.Debug|x86.Build.0 = Debug|Any CPU
		{7244F94A-25C0-43F2-B2C5-BA5E035F37D0}.Release|Any CPU.ActiveCfg = Release|Any CPU
		{7244F94A-25C0-43F2-B2C5-BA5E035F37D0}.Release|Any CPU.Build.0 = Release|Any CPU
		{7244F94A-25C0-43F2-B2C5-BA5E035F37D0}.Release|x86.ActiveCfg = Release|Any CPU
		{7244F94A-25C0-43F2-B2C5-BA5E035F37D0}.Release|x86.Build.0 = Release|Any CPU
	EndGlobalSection
	GlobalSection(SolutionProperties) = preSolution
		HideSolutionNode = FALSE
	EndGlobalSection
	GlobalSection(ExtensibilityGlobals) = postSolution
		SolutionGuid = {25D4A039-B09A-4480-970A-D44C1C81FF65}
	EndGlobalSection
EndGlobal
