
Microsoft Visual Studio Solution File, Format Version 12.00
# Visual Studio 14
VisualStudioVersion = 14.0.23107.0
MinimumVisualStudioVersion = 10.0.40219.1
Project("{FAE04EC0-301F-11D3-BF4B-00C04F79EFBC}") = "AlbaClient", "AlbaClient.csproj", "{5261E0A4-44FF-44A5-ADF7-4717D7725267}"
EndProject
Project("{FAE04EC0-301F-11D3-BF4B-00C04F79EFBC}") = "AlbaClient.Tests", "..\AlbaClient.Tests\AlbaClient.Tests.csproj", "{A8E71BAA-F799-40CA-9783-56EDA31DD48C}"
EndProject
Global
	GlobalSection(SolutionConfigurationPlatforms) = preSolution
		Debug|Any CPU = Debug|Any CPU
		Release|Any CPU = Release|Any CPU
	EndGlobalSection
	GlobalSection(ProjectConfigurationPlatforms) = postSolution
		{5261E0A4-44FF-44A5-ADF7-4717D7725267}.Debug|Any CPU.ActiveCfg = Debug|Any CPU
		{5261E0A4-44FF-44A5-ADF7-4717D7725267}.Debug|Any CPU.Build.0 = Debug|Any CPU
		{5261E0A4-44FF-44A5-ADF7-4717D7725267}.Release|Any CPU.ActiveCfg = Release|Any CPU
		{5261E0A4-44FF-44A5-ADF7-4717D7725267}.Release|Any CPU.Build.0 = Release|Any CPU
		{A8E71BAA-F799-40CA-9783-56EDA31DD48C}.Debug|Any CPU.ActiveCfg = Debug|Any CPU
		{A8E71BAA-F799-40CA-9783-56EDA31DD48C}.Debug|Any CPU.Build.0 = Debug|Any CPU
		{A8E71BAA-F799-40CA-9783-56EDA31DD48C}.Release|Any CPU.ActiveCfg = Release|Any CPU
		{A8E71BAA-F799-40CA-9783-56EDA31DD48C}.Release|Any CPU.Build.0 = Release|Any CPU
	EndGlobalSection
	GlobalSection(SolutionProperties) = preSolution
		HideSolutionNode = FALSE
	EndGlobalSection
EndGlobal
