Microsoft Visual Studio Solution File, Format Version 12.00
# Visual Studio Version 16
VisualStudioVersion = 16.0.30011.22
MinimumVisualStudioVersion = 10.0.40219.1
Project("{9A19103F-16F7-4668-BE54-9A1E7A4F7556}") = "WebUI", "WebUI.csproj", "{01BAB183-F49B-4044-B5CF-86D47996F10D}"
EndProject
Project("{9A19103F-16F7-4668-BE54-9A1E7A4F7556}") = "WebUI.SeleniumTests", "..\WebUI.SeleniumTests\WebUI.SeleniumTests.csproj", "{EC9B8F03-32E1-41F3-BBA3-3388E20D6256}"
EndProject
Project("{9A19103F-16F7-4668-BE54-9A1E7A4F7556}") = "Controllers", "..\Alba\Controllers\Controllers.csproj", "{50BD8746-C3BB-4B32-94BF-2E05D80DA79D}"
EndProject
Project("{2150E333-8FDC-42A3-9474-1A3956D46DE8}") = "Alba", "Alba", "{A6F36FAF-0514-4D57-8F32-A943CE2C3021}"
EndProject
Project("{9A19103F-16F7-4668-BE54-9A1E7A4F7556}") = "Data", "..\Data\Data.csproj", "{E097EB7C-B144-473C-8A1D-D48E3919C724}"
EndProject
Project("{9A19103F-16F7-4668-BE54-9A1E7A4F7556}") = "Entities", "..\Entities\Entities.csproj", "{99923235-E6AB-40C0-B2EB-411B79D83C5B}"
EndProject
Project("{9A19103F-16F7-4668-BE54-9A1E7A4F7556}") = "UrlShortener", "..\UrlShortener\UrlShortener.csproj", "{57E5C7F5-5D67-4337-9849-B0A383F589B0}"
EndProject
Project("{9A19103F-16F7-4668-BE54-9A1E7A4F7556}") = "TerritoryShell", "..\TerritoryShell\TerritoryShell.csproj", "{878066D8-D0B6-417A-AFBB-4EA1E6924881}"
EndProject
Project("{FAE04EC0-301F-11D3-BF4B-00C04F79EFBC}") = "TerritoryWeb", "..\TerritoryWeb\TerritoryWeb.csproj", "{28E4A1C7-7203-48E3-AB6E-2AFAF000E294}"
EndProject
Global
	GlobalSection(SolutionConfigurationPlatforms) = preSolution
		Debug|Any CPU = Debug|Any CPU
		Release|Any CPU = Release|Any CPU
	EndGlobalSection
	GlobalSection(ProjectConfigurationPlatforms) = postSolution
		{01BAB183-F49B-4044-B5CF-86D47996F10D}.Debug|Any CPU.ActiveCfg = Debug|Any CPU
		{01BAB183-F49B-4044-B5CF-86D47996F10D}.Debug|Any CPU.Build.0 = Debug|Any CPU
		{01BAB183-F49B-4044-B5CF-86D47996F10D}.Release|Any CPU.ActiveCfg = Release|Any CPU
		{01BAB183-F49B-4044-B5CF-86D47996F10D}.Release|Any CPU.Build.0 = Release|Any CPU
		{EC9B8F03-32E1-41F3-BBA3-3388E20D6256}.Debug|Any CPU.ActiveCfg = Debug|Any CPU
		{EC9B8F03-32E1-41F3-BBA3-3388E20D6256}.Debug|Any CPU.Build.0 = Debug|Any CPU
		{EC9B8F03-32E1-41F3-BBA3-3388E20D6256}.Release|Any CPU.ActiveCfg = Release|Any CPU
		{EC9B8F03-32E1-41F3-BBA3-3388E20D6256}.Release|Any CPU.Build.0 = Release|Any CPU
		{50BD8746-C3BB-4B32-94BF-2E05D80DA79D}.Debug|Any CPU.ActiveCfg = Debug|Any CPU
		{50BD8746-C3BB-4B32-94BF-2E05D80DA79D}.Debug|Any CPU.Build.0 = Debug|Any CPU
		{50BD8746-C3BB-4B32-94BF-2E05D80DA79D}.Release|Any CPU.ActiveCfg = Release|Any CPU
		{50BD8746-C3BB-4B32-94BF-2E05D80DA79D}.Release|Any CPU.Build.0 = Release|Any CPU
		{E097EB7C-B144-473C-8A1D-D48E3919C724}.Debug|Any CPU.ActiveCfg = Debug|Any CPU
		{E097EB7C-B144-473C-8A1D-D48E3919C724}.Debug|Any CPU.Build.0 = Debug|Any CPU
		{E097EB7C-B144-473C-8A1D-D48E3919C724}.Release|Any CPU.ActiveCfg = Release|Any CPU
		{E097EB7C-B144-473C-8A1D-D48E3919C724}.Release|Any CPU.Build.0 = Release|Any CPU
		{99923235-E6AB-40C0-B2EB-411B79D83C5B}.Debug|Any CPU.ActiveCfg = Debug|Any CPU
		{99923235-E6AB-40C0-B2EB-411B79D83C5B}.Debug|Any CPU.Build.0 = Debug|Any CPU
		{99923235-E6AB-40C0-B2EB-411B79D83C5B}.Release|Any CPU.ActiveCfg = Release|Any CPU
		{99923235-E6AB-40C0-B2EB-411B79D83C5B}.Release|Any CPU.Build.0 = Release|Any CPU
		{57E5C7F5-5D67-4337-9849-B0A383F589B0}.Debug|Any CPU.ActiveCfg = Debug|Any CPU
		{57E5C7F5-5D67-4337-9849-B0A383F589B0}.Debug|Any CPU.Build.0 = Debug|Any CPU
		{57E5C7F5-5D67-4337-9849-B0A383F589B0}.Release|Any CPU.ActiveCfg = Release|Any CPU
		{57E5C7F5-5D67-4337-9849-B0A383F589B0}.Release|Any CPU.Build.0 = Release|Any CPU
		{878066D8-D0B6-417A-AFBB-4EA1E6924881}.Debug|Any CPU.ActiveCfg = Debug|Any CPU
		{878066D8-D0B6-417A-AFBB-4EA1E6924881}.Debug|Any CPU.Build.0 = Debug|Any CPU
		{878066D8-D0B6-417A-AFBB-4EA1E6924881}.Release|Any CPU.ActiveCfg = Release|Any CPU
		{878066D8-D0B6-417A-AFBB-4EA1E6924881}.Release|Any CPU.Build.0 = Release|Any CPU
		{28E4A1C7-7203-48E3-AB6E-2AFAF000E294}.Debug|Any CPU.ActiveCfg = Debug|Any CPU
		{28E4A1C7-7203-48E3-AB6E-2AFAF000E294}.Debug|Any CPU.Build.0 = Debug|Any CPU
		{28E4A1C7-7203-48E3-AB6E-2AFAF000E294}.Release|Any CPU.ActiveCfg = Release|Any CPU
		{28E4A1C7-7203-48E3-AB6E-2AFAF000E294}.Release|Any CPU.Build.0 = Release|Any CPU
	EndGlobalSection
	GlobalSection(SolutionProperties) = preSolution
		HideSolutionNode = FALSE
	EndGlobalSection
	GlobalSection(NestedProjects) = preSolution
		{50BD8746-C3BB-4B32-94BF-2E05D80DA79D} = {A6F36FAF-0514-4D57-8F32-A943CE2C3021}
	EndGlobalSection
	GlobalSection(ExtensibilityGlobals) = postSolution
		SolutionGuid = {7D5C6599-694A-4A81-8616-1D18849E4F89}
	EndGlobalSection
EndGlobal
